
Microsoft Visual Studio Solution File, Format Version 12.00
# Visual Studio 15
VisualStudioVersion = 15.0.27703.2035
MinimumVisualStudioVersion = 10.0.40219.1
Project("{8BC9CEB8-8B4A-11D0-8D11-00A0C91BC942}") = "DOMDraftApp", "DOMDraftApp\DOMDraftApp.vcxproj", "{740263CD-BD44-44E9-BCAD-B46F3BF93AF4}"
EndProject
Global
	GlobalSection(SolutionConfigurationPlatforms) = preSolution
		Debug|x64 = Debug|x64
		Debug|x86 = Debug|x86
		Release|x64 = Release|x64
		Release|x86 = Release|x86
	EndGlobalSection
	GlobalSection(ProjectConfigurationPlatforms) = postSolution
		{740263CD-BD44-44E9-BCAD-B46F3BF93AF4}.Debug|x64.ActiveCfg = Debug|x64
		{740263CD-BD44-44E9-BCAD-B46F3BF93AF4}.Debug|x64.Build.0 = Debug|x64
		{740263CD-BD44-44E9-BCAD-B46F3BF93AF4}.Debug|x86.ActiveCfg = Debug|Win32
		{740263CD-BD44-44E9-BCAD-B46F3BF93AF4}.Debug|x86.Build.0 = Debug|Win32
		{740263CD-BD44-44E9-BCAD-B46F3BF93AF4}.Release|x64.ActiveCfg = Release|x64
		{740263CD-BD44-44E9-BCAD-B46F3BF93AF4}.Release|x64.Build.0 = Release|x64
		{740263CD-BD44-44E9-BCAD-B46F3BF93AF4}.Release|x86.ActiveCfg = Release|Win32
		{740263CD-BD44-44E9-BCAD-B46F3BF93AF4}.Release|x86.Build.0 = Release|Win32
	EndGlobalSection
	GlobalSection(SolutionProperties) = preSolution
		HideSolutionNode = FALSE
	EndGlobalSection
	GlobalSection(ExtensibilityGlobals) = postSolution
		SolutionGuid = {F9D3646D-C08D-4B21-A6CA-D5734E1F7D05}
	EndGlobalSection
EndGlobal
